
Microsoft Visual Studio Solution File, Format Version 12.00
# Visual Studio 15
VisualStudioVersion = 15.0.28307.421
MinimumVisualStudioVersion = 10.0.40219.1
Project("{FAE04EC0-301F-11D3-BF4B-00C04F79EFBC}") = "FivePages", "FivePages\FivePages.csproj", "{CCC7332B-F00E-4C93-B408-5C35C59DD864}"
EndProject
Global
	GlobalSection(SolutionConfigurationPlatforms) = preSolution
		Debug|Any CPU = Debug|Any CPU
		Release|Any CPU = Release|Any CPU
	EndGlobalSection
	GlobalSection(ProjectConfigurationPlatforms) = postSolution
		{CCC7332B-F00E-4C93-B408-5C35C59DD864}.Debug|Any CPU.ActiveCfg = Debug|Any CPU
		{CCC7332B-F00E-4C93-B408-5C35C59DD864}.Debug|Any CPU.Build.0 = Debug|Any CPU
		{CCC7332B-F00E-4C93-B408-5C35C59DD864}.Release|Any CPU.ActiveCfg = Release|Any CPU
		{CCC7332B-F00E-4C93-B408-5C35C59DD864}.Release|Any CPU.Build.0 = Release|Any CPU
	EndGlobalSection
	GlobalSection(SolutionProperties) = preSolution
		HideSolutionNode = FALSE
	EndGlobalSection
	GlobalSection(ExtensibilityGlobals) = postSolution
		SolutionGuid = {4173A092-09D8-423A-959F-2F2EC73146B9}
	EndGlobalSection
EndGlobal
